
Microsoft Visual Studio Solution File, Format Version 12.00
# Visual Studio Version 16
VisualStudioVersion = 16.0.30114.105
MinimumVisualStudioVersion = 10.0.40219.1
Project("{FAE04EC0-301F-11D3-BF4B-00C04F79EFBC}") = "PasswordHelper", "PasswordHelper.csproj", "{DA7E4BA4-FC61-45C7-BAB7-4D17A0139B71}"
EndProject
Global
	GlobalSection(SolutionConfigurationPlatforms) = preSolution
		Debug|Any CPU = Debug|Any CPU
		Release|Any CPU = Release|Any CPU
	EndGlobalSection
	GlobalSection(ProjectConfigurationPlatforms) = postSolution
		{DA7E4BA4-FC61-45C7-BAB7-4D17A0139B71}.Debug|Any CPU.ActiveCfg = Debug|Any CPU
		{DA7E4BA4-FC61-45C7-BAB7-4D17A0139B71}.Debug|Any CPU.Build.0 = Debug|Any CPU
		{DA7E4BA4-FC61-45C7-BAB7-4D17A0139B71}.Release|Any CPU.ActiveCfg = Release|Any CPU
		{DA7E4BA4-FC61-45C7-BAB7-4D17A0139B71}.Release|Any CPU.Build.0 = Release|Any CPU
	EndGlobalSection
	GlobalSection(SolutionProperties) = preSolution
		HideSolutionNode = FALSE
	EndGlobalSection
	GlobalSection(ExtensibilityGlobals) = postSolution
		SolutionGuid = {9B72FDCA-105F-4420-8223-69F3B8107392}
	EndGlobalSection
EndGlobal
